
Microsoft Visual Studio Solution File, Format Version 12.00
# Visual Studio Version 16
VisualStudioVersion = 16.0.32510.428
MinimumVisualStudioVersion = 10.0.40219.1
Project("{FAE04EC0-301F-11D3-BF4B-00C04F79EFBC}") = "Grid", "Grid.csproj", "{BB5EA945-B2BF-4F18-BC49-00D995270028}"
EndProject
Global
	GlobalSection(SolutionConfigurationPlatforms) = preSolution
		Debug|Any CPU = Debug|Any CPU
		Release|Any CPU = Release|Any CPU
	EndGlobalSection
	GlobalSection(ProjectConfigurationPlatforms) = postSolution
		{BB5EA945-B2BF-4F18-BC49-00D995270028}.Debug|Any CPU.ActiveCfg = Debug|Any CPU
		{BB5EA945-B2BF-4F18-BC49-00D995270028}.Debug|Any CPU.Build.0 = Debug|Any CPU
		{BB5EA945-B2BF-4F18-BC49-00D995270028}.Release|Any CPU.ActiveCfg = Release|Any CPU
		{BB5EA945-B2BF-4F18-BC49-00D995270028}.Release|Any CPU.Build.0 = Release|Any CPU
	EndGlobalSection
	GlobalSection(SolutionProperties) = preSolution
		HideSolutionNode = FALSE
	EndGlobalSection
	GlobalSection(ExtensibilityGlobals) = postSolution
		SolutionGuid = {40677896-8B72-4A68-B1EA-057414851EEB}
	EndGlobalSection
EndGlobal
